
Microsoft Visual Studio Solution File, Format Version 12.00
# Visual Studio Version 17
VisualStudioVersion = 17.3.32811.315
MinimumVisualStudioVersion = 10.0.40219.1
Project("{9A19103F-16F7-4668-BE54-9A1E7A4F7556}") = "Shop.Admin1", "Shop.Admin1\Shop.Admin1.csproj", "{9E3B78AA-3B0E-44FD-9B80-B9BC13EF26F8}"
EndProject
Project("{9A19103F-16F7-4668-BE54-9A1E7A4F7556}") = "Shop.Web", "Shop.Web\Shop.Web.csproj", "{7A28F29A-ACD6-4DDD-8CF3-B613E49395F2}"
EndProject
Project("{9A19103F-16F7-4668-BE54-9A1E7A4F7556}") = "Shop.Api", "Shop.Api\Shop.Api.csproj", "{BF6E4846-6AD3-4535-8A61-756F6F6F20B2}"
EndProject
Project("{9A19103F-16F7-4668-BE54-9A1E7A4F7556}") = "Shop.Logic", "Shop.Logic\Shop.Logic.csproj", "{5A397D80-5240-4AC9-B24D-281C9BC59444}"
EndProject
Project("{9A19103F-16F7-4668-BE54-9A1E7A4F7556}") = "Shop.DataModels", "Shop.DataModels\Shop.DataModels.csproj", "{F2513EF2-13AF-445F-9E01-2A843616049C}"
EndProject
Global
	GlobalSection(SolutionConfigurationPlatforms) = preSolution
		Debug|Any CPU = Debug|Any CPU
		Release|Any CPU = Release|Any CPU
	EndGlobalSection
	GlobalSection(ProjectConfigurationPlatforms) = postSolution
		{9E3B78AA-3B0E-44FD-9B80-B9BC13EF26F8}.Debug|Any CPU.ActiveCfg = Debug|Any CPU
		{9E3B78AA-3B0E-44FD-9B80-B9BC13EF26F8}.Debug|Any CPU.Build.0 = Debug|Any CPU
		{9E3B78AA-3B0E-44FD-9B80-B9BC13EF26F8}.Release|Any CPU.ActiveCfg = Release|Any CPU
		{9E3B78AA-3B0E-44FD-9B80-B9BC13EF26F8}.Release|Any CPU.Build.0 = Release|Any CPU
		{7A28F29A-ACD6-4DDD-8CF3-B613E49395F2}.Debug|Any CPU.ActiveCfg = Debug|Any CPU
		{7A28F29A-ACD6-4DDD-8CF3-B613E49395F2}.Debug|Any CPU.Build.0 = Debug|Any CPU
		{7A28F29A-ACD6-4DDD-8CF3-B613E49395F2}.Release|Any CPU.ActiveCfg = Release|Any CPU
		{7A28F29A-ACD6-4DDD-8CF3-B613E49395F2}.Release|Any CPU.Build.0 = Release|Any CPU
		{BF6E4846-6AD3-4535-8A61-756F6F6F20B2}.Debug|Any CPU.ActiveCfg = Debug|Any CPU
		{BF6E4846-6AD3-4535-8A61-756F6F6F20B2}.Debug|Any CPU.Build.0 = Debug|Any CPU
		{BF6E4846-6AD3-4535-8A61-756F6F6F20B2}.Release|Any CPU.ActiveCfg = Release|Any CPU
		{BF6E4846-6AD3-4535-8A61-756F6F6F20B2}.Release|Any CPU.Build.0 = Release|Any CPU
		{5A397D80-5240-4AC9-B24D-281C9BC59444}.Debug|Any CPU.ActiveCfg = Debug|Any CPU
		{5A397D80-5240-4AC9-B24D-281C9BC59444}.Debug|Any CPU.Build.0 = Debug|Any CPU
		{5A397D80-5240-4AC9-B24D-281C9BC59444}.Release|Any CPU.ActiveCfg = Release|Any CPU
		{5A397D80-5240-4AC9-B24D-281C9BC59444}.Release|Any CPU.Build.0 = Release|Any CPU
		{F2513EF2-13AF-445F-9E01-2A843616049C}.Debug|Any CPU.ActiveCfg = Debug|Any CPU
		{F2513EF2-13AF-445F-9E01-2A843616049C}.Debug|Any CPU.Build.0 = Debug|Any CPU
		{F2513EF2-13AF-445F-9E01-2A843616049C}.Release|Any CPU.ActiveCfg = Release|Any CPU
		{F2513EF2-13AF-445F-9E01-2A843616049C}.Release|Any CPU.Build.0 = Release|Any CPU
	EndGlobalSection
	GlobalSection(SolutionProperties) = preSolution
		HideSolutionNode = FALSE
	EndGlobalSection
	GlobalSection(ExtensibilityGlobals) = postSolution
		SolutionGuid = {551A31AE-0730-4C54-98B2-5EB1FE229FE7}
	EndGlobalSection
EndGlobal
